
Microsoft Visual Studio Solution File, Format Version 12.00
# Visual Studio Version 17
VisualStudioVersion = 17.14.36127.28
MinimumVisualStudioVersion = 10.0.40219.1
Project("{FAE04EC0-301F-11D3-BF4B-00C04F79EFBC}") = "RhonAyro.Client.Desktop.Ui", "src\RhonAyro.Client.Desktop.Ui\RhonAyro.Client.Desktop.Ui.csproj", "{2C9B845F-9102-42E6-8080-5D726FFCF646}"
EndProject
Project("{FAE04EC0-301F-11D3-BF4B-00C04F79EFBC}") = "RhonAyro.Common.Data", "src\RhonAyro.Common.Data\RhonAyro.Common.Data.csproj", "{84F0762A-923E-4FBF-B8F9-5827CCF887FC}"
EndProject
Project("{FAE04EC0-301F-11D3-BF4B-00C04F79EFBC}") = "RhonAyro.Infrastructure.Storage", "src\RhonAyro.Infrastructure.Storage\RhonAyro.Infrastructure.Storage.csproj", "{9270E25C-5380-405C-8477-7ED1FDEA952B}"
EndProject
Project("{FAE04EC0-301F-11D3-BF4B-00C04F79EFBC}") = "RhonAyro.Infrastructure.Runtime", "src\RhonAyro.Infrastructure.Runtime\RhonAyro.Infrastructure.Runtime.csproj", "{9E5B6518-A999-49FA-8DDD-71B9CCA48C36}"
EndProject
Project("{2150E333-8FDC-42A3-9474-1A3956D46DE8}") = "SolutionItems", "SolutionItems", "{02EA681E-C7D8-13C7-8484-4AC65E1B71E8}"
	ProjectSection(SolutionItems) = preProject
		src\VersionInfo.cs = src\VersionInfo.cs
	EndProjectSection
EndProject
Project("{2150E333-8FDC-42A3-9474-1A3956D46DE8}") = "UnitTests", "UnitTests", "{7F46138E-4C36-4F6D-95C1-FAAD0D2A8CC5}"
EndProject
Global
	GlobalSection(SolutionConfigurationPlatforms) = preSolution
		Debug|Any CPU = Debug|Any CPU
		Release|Any CPU = Release|Any CPU
	EndGlobalSection
	GlobalSection(ProjectConfigurationPlatforms) = postSolution
		{2C9B845F-9102-42E6-8080-5D726FFCF646}.Debug|Any CPU.ActiveCfg = Debug|Any CPU
		{2C9B845F-9102-42E6-8080-5D726FFCF646}.Debug|Any CPU.Build.0 = Debug|Any CPU
		{2C9B845F-9102-42E6-8080-5D726FFCF646}.Release|Any CPU.ActiveCfg = Release|Any CPU
		{2C9B845F-9102-42E6-8080-5D726FFCF646}.Release|Any CPU.Build.0 = Release|Any CPU
		{84F0762A-923E-4FBF-B8F9-5827CCF887FC}.Debug|Any CPU.ActiveCfg = Debug|Any CPU
		{84F0762A-923E-4FBF-B8F9-5827CCF887FC}.Debug|Any CPU.Build.0 = Debug|Any CPU
		{84F0762A-923E-4FBF-B8F9-5827CCF887FC}.Release|Any CPU.ActiveCfg = Release|Any CPU
		{84F0762A-923E-4FBF-B8F9-5827CCF887FC}.Release|Any CPU.Build.0 = Release|Any CPU
		{9270E25C-5380-405C-8477-7ED1FDEA952B}.Debug|Any CPU.ActiveCfg = Debug|Any CPU
		{9270E25C-5380-405C-8477-7ED1FDEA952B}.Debug|Any CPU.Build.0 = Debug|Any CPU
		{9270E25C-5380-405C-8477-7ED1FDEA952B}.Release|Any CPU.ActiveCfg = Release|Any CPU
		{9270E25C-5380-405C-8477-7ED1FDEA952B}.Release|Any CPU.Build.0 = Release|Any CPU
		{9E5B6518-A999-49FA-8DDD-71B9CCA48C36}.Debug|Any CPU.ActiveCfg = Debug|Any CPU
		{9E5B6518-A999-49FA-8DDD-71B9CCA48C36}.Debug|Any CPU.Build.0 = Debug|Any CPU
		{9E5B6518-A999-49FA-8DDD-71B9CCA48C36}.Release|Any CPU.ActiveCfg = Release|Any CPU
		{9E5B6518-A999-49FA-8DDD-71B9CCA48C36}.Release|Any CPU.Build.0 = Release|Any CPU
	EndGlobalSection
	GlobalSection(SolutionProperties) = preSolution
		HideSolutionNode = FALSE
	EndGlobalSection
	GlobalSection(ExtensibilityGlobals) = postSolution
		SolutionGuid = {C0C6B718-ADB5-4D0D-AF95-0811346178C8}
	EndGlobalSection
EndGlobal
